// !$*UTF8*$!
{
	archiveVersion = 1;
	classes = {
	};
	objectVersion = 52;
	objects = {

/* Begin PBXBuildFile section */
		641E09AB25BDDE2700EAB990 /* MealAppApp.swift in Sources */ = {isa = PBXBuildFile; fileRef = 641E09AA25BDDE2700EAB990 /* MealAppApp.swift */; };
		641E09AD25BDDE2700EAB990 /* ContentView.swift in Sources */ = {isa = PBXBuildFile; fileRef = 641E09AC25BDDE2700EAB990 /* ContentView.swift */; };
		641E09AF25BDDE2A00EAB990 /* Assets.xcassets in Resources */ = {isa = PBXBuildFile; fileRef = 641E09AE25BDDE2A00EAB990 /* Assets.xcassets */; };
		641E09B225BDDE2A00EAB990 /* Preview Assets.xcassets in Resources */ = {isa = PBXBuildFile; fileRef = 641E09B125BDDE2A00EAB990 /* Preview Assets.xcassets */; };
		641E09BC25BDDE5B00EAB990 /* HomeView.swift in Sources */ = {isa = PBXBuildFile; fileRef = 641E09BB25BDDE5B00EAB990 /* HomeView.swift */; };
		6471AA5025BE237800124956 /* Meal.swift in Sources */ = {isa = PBXBuildFile; fileRef = 6471AA4F25BE237800124956 /* Meal.swift */; };
		6471AA5425BE245700124956 /* SDWebImageSwiftUI in Frameworks */ = {isa = PBXBuildFile; productRef = 6471AA5325BE245700124956 /* SDWebImageSwiftUI */; };
		6471AA5825BE267400124956 /* PopularRecipesViewModel.swift in Sources */ = {isa = PBXBuildFile; fileRef = 6471AA5725BE267400124956 /* PopularRecipesViewModel.swift */; };
		6471AA5B25BE284400124956 /* Search.swift in Sources */ = {isa = PBXBuildFile; fileRef = 6471AA5A25BE284400124956 /* Search.swift */; };
		6471AA5F25BE2B0A00124956 /* PopularRecipesView.swift in Sources */ = {isa = PBXBuildFile; fileRef = 6471AA5E25BE2B0A00124956 /* PopularRecipesView.swift */; };
		6471AA6425BE2D8400124956 /* NewRecipesViewModel.swift in Sources */ = {isa = PBXBuildFile; fileRef = 6471AA6325BE2D8400124956 /* NewRecipesViewModel.swift */; };
		6471AA6725BE2E5400124956 /* NewRecipesView.swift in Sources */ = {isa = PBXBuildFile; fileRef = 6471AA6625BE2E5400124956 /* NewRecipesView.swift */; };
		6471AA6B25BE32A000124956 /* RecipeDetailsView.swift in Sources */ = {isa = PBXBuildFile; fileRef = 6471AA6A25BE32A000124956 /* RecipeDetailsView.swift */; };
		6471AA6E25BE459600124956 /* Constants.swift in Sources */ = {isa = PBXBuildFile; fileRef = 6471AA6D25BE459600124956 /* Constants.swift */; };
		6471AA7125BE460600124956 /* SearchViewModel.swift in Sources */ = {isa = PBXBuildFile; fileRef = 6471AA7025BE460600124956 /* SearchViewModel.swift */; };
		6471AA7525BF191A00124956 /* SearchView.swift in Sources */ = {isa = PBXBuildFile; fileRef = 6471AA7425BF191A00124956 /* SearchView.swift */; };
		6471AA7C25BF223100124956 /* README.md in Resources */ = {isa = PBXBuildFile; fileRef = 6471AA7B25BF223100124956 /* README.md */; };
/* End PBXBuildFile section */

/* Begin PBXFileReference section */
		641E09A725BDDE2700EAB990 /* MealApp.app */ = {isa = PBXFileReference; explicitFileType = wrapper.application; includeInIndex = 0; path = MealApp.app; sourceTree = BUILT_PRODUCTS_DIR; };
		641E09AA25BDDE2700EAB990 /* MealAppApp.swift */ = {isa = PBXFileReference; lastKnownFileType = sourcecode.swift; path = MealAppApp.swift; sourceTree = "<group>"; };
		641E09AC25BDDE2700EAB990 /* ContentView.swift */ = {isa = PBXFileReference; lastKnownFileType = sourcecode.swift; path = ContentView.swift; sourceTree = "<group>"; };
		641E09AE25BDDE2A00EAB990 /* Assets.xcassets */ = {isa = PBXFileReference; lastKnownFileType = folder.assetcatalog; path = Assets.xcassets; sourceTree = "<group>"; };
		641E09B125BDDE2A00EAB990 /* Preview Assets.xcassets */ = {isa = PBXFileReference; lastKnownFileType = folder.assetcatalog; path = "Preview Assets.xcassets"; sourceTree = "<group>"; };
		641E09B325BDDE2A00EAB990 /* Info.plist */ = {isa = PBXFileReference; lastKnownFileType = text.plist.xml; path = Info.plist; sourceTree = "<group>"; };
		641E09BB25BDDE5B00EAB990 /* HomeView.swift */ = {isa = PBXFileReference; lastKnownFileType = sourcecode.swift; path = HomeView.swift; sourceTree = "<group>"; };
		6471AA4F25BE237800124956 /* Meal.swift */ = {isa = PBXFileReference; lastKnownFileType = sourcecode.swift; path = Meal.swift; sourceTree = "<group>"; };
		6471AA5725BE267400124956 /* PopularRecipesViewModel.swift */ = {isa = PBXFileReference; lastKnownFileType = sourcecode.swift; path = PopularRecipesViewModel.swift; sourceTree = "<group>"; };
		6471AA5A25BE284400124956 /* Search.swift */ = {isa = PBXFileReference; lastKnownFileType = sourcecode.swift; path = Search.swift; sourceTree = "<group>"; };
		6471AA5E25BE2B0A00124956 /* PopularRecipesView.swift */ = {isa = PBXFileReference; lastKnownFileType = sourcecode.swift; path = PopularRecipesView.swift; sourceTree = "<group>"; };
		6471AA6325BE2D8400124956 /* NewRecipesViewModel.swift */ = {isa = PBXFileReference; lastKnownFileType = sourcecode.swift; path = NewRecipesViewModel.swift; sourceTree = "<group>"; };
		6471AA6625BE2E5400124956 /* NewRecipesView.swift */ = {isa = PBXFileReference; lastKnownFileType = sourcecode.swift; path = NewRecipesView.swift; sourceTree = "<group>"; };
		6471AA6A25BE32A000124956 /* RecipeDetailsView.swift */ = {isa = PBXFileReference; lastKnownFileType = sourcecode.swift; path = RecipeDetailsView.swift; sourceTree = "<group>"; };
		6471AA6D25BE459600124956 /* Constants.swift */ = {isa = PBXFileReference; lastKnownFileType = sourcecode.swift; path = Constants.swift; sourceTree = "<group>"; };
		6471AA7025BE460600124956 /* SearchViewModel.swift */ = {isa = PBXFileReference; lastKnownFileType = sourcecode.swift; path = SearchViewModel.swift; sourceTree = "<group>"; };
		6471AA7425BF191A00124956 /* SearchView.swift */ = {isa = PBXFileReference; lastKnownFileType = sourcecode.swift; path = SearchView.swift; sourceTree = "<group>"; };
		6471AA7B25BF223100124956 /* README.md */ = {isa = PBXFileReference; lastKnownFileType = net.daringfireball.markdown; path = README.md; sourceTree = "<group>"; };
/* End PBXFileReference section */

/* Begin PBXFrameworksBuildPhase section */
		641E09A425BDDE2700EAB990 /* Frameworks */ = {
			isa = PBXFrameworksBuildPhase;
			buildActionMask = 2147483647;
			files = (
				6471AA5425BE245700124956 /* SDWebImageSwiftUI in Frameworks */,
			);
			runOnlyForDeploymentPostprocessing = 0;
		};
/* End PBXFrameworksBuildPhase section */

/* Begin PBXGroup section */
		641E099E25BDDE2700EAB990 = {
			isa = PBXGroup;
			children = (
				6471AA7B25BF223100124956 /* README.md */,
				641E09A925BDDE2700EAB990 /* MealApp */,
				641E09A825BDDE2700EAB990 /* Products */,
			);
			sourceTree = "<group>";
		};
		641E09A825BDDE2700EAB990 /* Products */ = {
			isa = PBXGroup;
			children = (
				641E09A725BDDE2700EAB990 /* MealApp.app */,
			);
			name = Products;
			sourceTree = "<group>";
		};
		641E09A925BDDE2700EAB990 /* MealApp */ = {
			isa = PBXGroup;
			children = (
				6471AA5625BE265D00124956 /* ViewModel */,
				6471AA4E25BE236100124956 /* Model */,
				641E09BA25BDDE4B00EAB990 /* View */,
				641E09AA25BDDE2700EAB990 /* MealAppApp.swift */,
				641E09AC25BDDE2700EAB990 /* ContentView.swift */,
				641E09AE25BDDE2A00EAB990 /* Assets.xcassets */,
				641E09B325BDDE2A00EAB990 /* Info.plist */,
				641E09B025BDDE2A00EAB990 /* Preview Content */,
			);
			path = MealApp;
			sourceTree = "<group>";
		};
		641E09B025BDDE2A00EAB990 /* Preview Content */ = {
			isa = PBXGroup;
			children = (
				641E09B125BDDE2A00EAB990 /* Preview Assets.xcassets */,
			);
			path = "Preview Content";
			sourceTree = "<group>";
		};
		641E09BA25BDDE4B00EAB990 /* View */ = {
			isa = PBXGroup;
			children = (
				641E09BB25BDDE5B00EAB990 /* HomeView.swift */,
				6471AA5E25BE2B0A00124956 /* PopularRecipesView.swift */,
				6471AA6625BE2E5400124956 /* NewRecipesView.swift */,
				6471AA6A25BE32A000124956 /* RecipeDetailsView.swift */,
				6471AA7425BF191A00124956 /* SearchView.swift */,
			);
			path = View;
			sourceTree = "<group>";
		};
		6471AA4E25BE236100124956 /* Model */ = {
			isa = PBXGroup;
			children = (
				6471AA4F25BE237800124956 /* Meal.swift */,
				6471AA5A25BE284400124956 /* Search.swift */,
			);
			path = Model;
			sourceTree = "<group>";
		};
		6471AA5625BE265D00124956 /* ViewModel */ = {
			isa = PBXGroup;
			children = (
				6471AA5725BE267400124956 /* PopularRecipesViewModel.swift */,
				6471AA6325BE2D8400124956 /* NewRecipesViewModel.swift */,
				6471AA7025BE460600124956 /* SearchViewModel.swift */,
				6471AA6D25BE459600124956 /* Constants.swift */,
			);
			path = ViewModel;
			sourceTree = "<group>";
		};
/* End PBXGroup section */

/* Begin PBXNativeTarget section */
		641E09A625BDDE2700EAB990 /* MealApp */ = {
			isa = PBXNativeTarget;
			buildConfigurationList = 641E09B625BDDE2A00EAB990 /* Build configuration list for PBXNativeTarget "MealApp" */;
			buildPhases = (
				641E09A325BDDE2700EAB990 /* Sources */,
				641E09A425BDDE2700EAB990 /* Frameworks */,
				641E09A525BDDE2700EAB990 /* Resources */,
			);
			buildRules = (
			);
			dependencies = (
			);
			name = MealApp;
			packageProductDependencies = (
				6471AA5325BE245700124956 /* SDWebImageSwiftUI */,
			);
			productName = MealApp;
			productReference = 641E09A725BDDE2700EAB990 /* MealApp.app */;
			productType = "com.apple.product-type.application";
		};
/* End PBXNativeTarget section */

/* Begin PBXProject section */
		641E099F25BDDE2700EAB990 /* Project object */ = {
			isa = PBXProject;
			attributes = {
				LastSwiftUpdateCheck = 1220;
				LastUpgradeCheck = 1220;
				TargetAttributes = {
					641E09A625BDDE2700EAB990 = {
						CreatedOnToolsVersion = 12.2;
					};
				};
			};
			buildConfigurationList = 641E09A225BDDE2700EAB990 /* Build configuration list for PBXProject "MealApp" */;
			compatibilityVersion = "Xcode 9.3";
			developmentRegion = en;
			hasScannedForEncodings = 0;
			knownRegions = (
				en,
				Base,
			);
			mainGroup = 641E099E25BDDE2700EAB990;
			packageReferences = (
				6471AA5225BE245700124956 /* XCRemoteSwiftPackageReference "SDWebImageSwiftUI" */,
			);
			productRefGroup = 641E09A825BDDE2700EAB990 /* Products */;
			projectDirPath = "";
			projectRoot = "";
			targets = (
				641E09A625BDDE2700EAB990 /* MealApp */,
			);
		};
/* End PBXProject section */

/* Begin PBXResourcesBuildPhase section */
		641E09A525BDDE2700EAB990 /* Resources */ = {
			isa = PBXResourcesBuildPhase;
			buildActionMask = 2147483647;
			files = (
				6471AA7C25BF223100124956 /* README.md in Resources */,
				641E09B225BDDE2A00EAB990 /* Preview Assets.xcassets in Resources */,
				641E09AF25BDDE2A00EAB990 /* Assets.xcassets in Resources */,
			);
			runOnlyForDeploymentPostprocessing = 0;
		};
/* End PBXResourcesBuildPhase section */

/* Begin PBXSourcesBuildPhase section */
		641E09A325BDDE2700EAB990 /* Sources */ = {
			isa = PBXSourcesBuildPhase;
			buildActionMask = 2147483647;
			files = (
				6471AA5025BE237800124956 /* Meal.swift in Sources */,
				6471AA6E25BE459600124956 /* Constants.swift in Sources */,
				641E09BC25BDDE5B00EAB990 /* HomeView.swift in Sources */,
				6471AA6725BE2E5400124956 /* NewRecipesView.swift in Sources */,
				6471AA5F25BE2B0A00124956 /* PopularRecipesView.swift in Sources */,
				641E09AD25BDDE2700EAB990 /* ContentView.swift in Sources */,
				6471AA7125BE460600124956 /* SearchViewModel.swift in Sources */,
				6471AA5B25BE284400124956 /* Search.swift in Sources */,
				6471AA7525BF191A00124956 /* SearchView.swift in Sources */,
				6471AA6425BE2D8400124956 /* NewRecipesViewModel.swift in Sources */,
				6471AA6B25BE32A000124956 /* RecipeDetailsView.swift in Sources */,
				6471AA5825BE267400124956 /* PopularRecipesViewModel.swift in Sources */,
				641E09AB25BDDE2700EAB990 /* MealAppApp.swift in Sources */,
			);
			runOnlyForDeploymentPostprocessing = 0;
		};
/* End PBXSourcesBuildPhase section */

/* Begin XCBuildConfiguration section */
		641E09B425BDDE2A00EAB990 /* Debug */ = {
			isa = XCBuildConfiguration;
			buildSettings = {
				ALWAYS_SEARCH_USER_PATHS = NO;
				CLANG_ANALYZER_NONNULL = YES;
				CLANG_ANALYZER_NUMBER_OBJECT_CONVERSION = YES_AGGRESSIVE;
				CLANG_CXX_LANGUAGE_STANDARD = "gnu++14";
				CLANG_CXX_LIBRARY = "libc++";
				CLANG_ENABLE_MODULES = YES;
				CLANG_ENABLE_OBJC_ARC = YES;
				CLANG_ENABLE_OBJC_WEAK = YES;
				CLANG_WARN_BLOCK_CAPTURE_AUTORELEASING = YES;
				CLANG_WARN_BOOL_CONVERSION = YES;
				CLANG_WARN_COMMA = YES;
				CLANG_WARN_CONSTANT_CONVERSION = YES;
				CLANG_WARN_DEPRECATED_OBJC_IMPLEMENTATIONS = YES;
				CLANG_WARN_DIRECT_OBJC_ISA_USAGE = YES_ERROR;
				CLANG_WARN_DOCUMENTATION_COMMENTS = YES;
				CLANG_WARN_EMPTY_BODY = YES;
				CLANG_WARN_ENUM_CONVERSION = YES;
				CLANG_WARN_INFINITE_RECURSION = YES;
				CLANG_WARN_INT_CONVERSION = YES;
				CLANG_WARN_NON_LITERAL_NULL_CONVERSION = YES;
				CLANG_WARN_OBJC_IMPLICIT_RETAIN_SELF = YES;
				CLANG_WARN_OBJC_LITERAL_CONVERSION = YES;
				CLANG_WARN_OBJC_ROOT_CLASS = YES_ERROR;
				CLANG_WARN_QUOTED_INCLUDE_IN_FRAMEWORK_HEADER = YES;
				CLANG_WARN_RANGE_LOOP_ANALYSIS = YES;
				CLANG_WARN_STRICT_PROTOTYPES = YES;
				CLANG_WARN_SUSPICIOUS_MOVE = YES;
				CLANG_WARN_UNGUARDED_AVAILABILITY = YES_AGGRESSIVE;
				CLANG_WARN_UNREACHABLE_CODE = YES;
				CLANG_WARN__DUPLICATE_METHOD_MATCH = YES;
				COPY_PHASE_STRIP = NO;
				DEBUG_INFORMATION_FORMAT = dwarf;
				ENABLE_STRICT_OBJC_MSGSEND = YES;
				ENABLE_TESTABILITY = YES;
				GCC_C_LANGUAGE_STANDARD = gnu11;
				GCC_DYNAMIC_NO_PIC = NO;
				GCC_NO_COMMON_BLOCKS = YES;
				GCC_OPTIMIZATION_LEVEL = 0;
				GCC_PREPROCESSOR_DEFINITIONS = (
					"DEBUG=1",
					"$(inherited)",
				);
				GCC_WARN_64_TO_32_BIT_CONVERSION = YES;
				GCC_WARN_ABOUT_RETURN_TYPE = YES_ERROR;
				GCC_WARN_UNDECLARED_SELECTOR = YES;
				GCC_WARN_UNINITIALIZED_AUTOS = YES_AGGRESSIVE;
				GCC_WARN_UNUSED_FUNCTION = YES;
				GCC_WARN_UNUSED_VARIABLE = YES;
				IPHONEOS_DEPLOYMENT_TARGET = 14.2;
				MTL_ENABLE_DEBUG_INFO = INCLUDE_SOURCE;
				MTL_FAST_MATH = YES;
				ONLY_ACTIVE_ARCH = YES;
				SDKROOT = iphoneos;
				SWIFT_ACTIVE_COMPILATION_CONDITIONS = DEBUG;
				SWIFT_OPTIMIZATION_LEVEL = "-Onone";
			};
			name = Debug;
		};
		641E09B525BDDE2A00EAB990 /* Release */ = {
			isa = XCBuildConfiguration;
			buildSettings = {
				ALWAYS_SEARCH_USER_PATHS = NO;
				CLANG_ANALYZER_NONNULL = YES;
				CLANG_ANALYZER_NUMBER_OBJECT_CONVERSION = YES_AGGRESSIVE;
				CLANG_CXX_LANGUAGE_STANDARD = "gnu++14";
				CLANG_CXX_LIBRARY = "libc++";
				CLANG_ENABLE_MODULES = YES;
				CLANG_ENABLE_OBJC_ARC = YES;
				CLANG_ENABLE_OBJC_WEAK = YES;
				CLANG_WARN_BLOCK_CAPTURE_AUTORELEASING = YES;
				CLANG_WARN_BOOL_CONVERSION = YES;
				CLANG_WARN_COMMA = YES;
				CLANG_WARN_CONSTANT_CONVERSION = YES;
				CLANG_WARN_DEPRECATED_OBJC_IMPLEMENTATIONS = YES;
				CLANG_WARN_DIRECT_OBJC_ISA_USAGE = YES_ERROR;
				CLANG_WARN_DOCUMENTATION_COMMENTS = YES;
				CLANG_WARN_EMPTY_BODY = YES;
				CLANG_WARN_ENUM_CONVERSION = YES;
				CLANG_WARN_INFINITE_RECURSION = YES;
				CLANG_WARN_INT_CONVERSION = YES;
				CLANG_WARN_NON_LITERAL_NULL_CONVERSION = YES;
				CLANG_WARN_OBJC_IMPLICIT_RETAIN_SELF = YES;
				CLANG_WARN_OBJC_LITERAL_CONVERSION = YES;
				CLANG_WARN_OBJC_ROOT_CLASS = YES_ERROR;
				CLANG_WARN_QUOTED_INCLUDE_IN_FRAMEWORK_HEADER = YES;
				CLANG_WARN_RANGE_LOOP_ANALYSIS = YES;
				CLANG_WARN_STRICT_PROTOTYPES = YES;
				CLANG_WARN_SUSPICIOUS_MOVE = YES;
				CLANG_WARN_UNGUARDED_AVAILABILITY = YES_AGGRESSIVE;
				CLANG_WARN_UNREACHABLE_CODE = YES;
				CLANG_WARN__DUPLICATE_METHOD_MATCH = YES;
				COPY_PHASE_STRIP = NO;
				DEBUG_INFORMATION_FORMAT = "dwarf-with-dsym";
				ENABLE_NS_ASSERTIONS = NO;
				ENABLE_STRICT_OBJC_MSGSEND = YES;
				GCC_C_LANGUAGE_STANDARD = gnu11;
				GCC_NO_COMMON_BLOCKS = YES;
				GCC_WARN_64_TO_32_BIT_CONVERSION = YES;
				GCC_WARN_ABOUT_RETURN_TYPE = YES_ERROR;
				GCC_WARN_UNDECLARED_SELECTOR = YES;
				GCC_WARN_UNINITIALIZED_AUTOS = YES_AGGRESSIVE;
				GCC_WARN_UNUSED_FUNCTION = YES;
				GCC_WARN_UNUSED_VARIABLE = YES;
				IPHONEOS_DEPLOYMENT_TARGET = 14.2;
				MTL_ENABLE_DEBUG_INFO = NO;
				MTL_FAST_MATH = YES;
				SDKROOT = iphoneos;
				SWIFT_COMPILATION_MODE = wholemodule;
				SWIFT_OPTIMIZATION_LEVEL = "-O";
				VALIDATE_PRODUCT = YES;
			};
			name = Release;
		};
		641E09B725BDDE2A00EAB990 /* Debug */ = {
			isa = XCBuildConfiguration;
			buildSettings = {
				ASSETCATALOG_COMPILER_APPICON_NAME = AppIcon;
				ASSETCATALOG_COMPILER_GLOBAL_ACCENT_COLOR_NAME = AccentColor;
				CODE_SIGN_STYLE = Automatic;
				DEVELOPMENT_ASSET_PATHS = "\"MealApp/Preview Content\"";
				ENABLE_PREVIEWS = YES;
				INFOPLIST_FILE = MealApp/Info.plist;
				IPHONEOS_DEPLOYMENT_TARGET = 14.0;
				LD_RUNPATH_SEARCH_PATHS = (
					"$(inherited)",
					"@executable_path/Frameworks",
				);
				PRODUCT_BUNDLE_IDENTIFIER = io.github.rphlfc.MealApp;
				PRODUCT_NAME = "$(TARGET_NAME)";
				SWIFT_VERSION = 5.0;
				TARGETED_DEVICE_FAMILY = "1,2";
			};
			name = Debug;
		};
		641E09B825BDDE2A00EAB990 /* Release */ = {
			isa = XCBuildConfiguration;
			buildSettings = {
				ASSETCATALOG_COMPILER_APPICON_NAME = AppIcon;
				ASSETCATALOG_COMPILER_GLOBAL_ACCENT_COLOR_NAME = AccentColor;
				CODE_SIGN_STYLE = Automatic;
				DEVELOPMENT_ASSET_PATHS = "\"MealApp/Preview Content\"";
				ENABLE_PREVIEWS = YES;
				INFOPLIST_FILE = MealApp/Info.plist;
				IPHONEOS_DEPLOYMENT_TARGET = 14.0;
				LD_RUNPATH_SEARCH_PATHS = (
					"$(inherited)",
					"@executable_path/Frameworks",
				);
				PRODUCT_BUNDLE_IDENTIFIER = io.github.rphlfc.MealApp;
				PRODUCT_NAME = "$(TARGET_NAME)";
				SWIFT_VERSION = 5.0;
				TARGETED_DEVICE_FAMILY = "1,2";
			};
			name = Release;
		};
/* End XCBuildConfiguration section */

/* Begin XCConfigurationList section */
		641E09A225BDDE2700EAB990 /* Build configuration list for PBXProject "MealApp" */ = {
			isa = XCConfigurationList;
			buildConfigurations = (
				641E09B425BDDE2A00EAB990 /* Debug */,
				641E09B525BDDE2A00EAB990 /* Release */,
			);
			defaultConfigurationIsVisible = 0;
			defaultConfigurationName = Release;
		};
		641E09B625BDDE2A00EAB990 /* Build configuration list for PBXNativeTarget "MealApp" */ = {
			isa = XCConfigurationList;
			buildConfigurations = (
				641E09B725BDDE2A00EAB990 /* Debug */,
				641E09B825BDDE2A00EAB990 /* Release */,
			);
			defaultConfigurationIsVisible = 0;
			defaultConfigurationName = Release;
		};
/* End XCConfigurationList section */

/* Begin XCRemoteSwiftPackageReference section */
		6471AA5225BE245700124956 /* XCRemoteSwiftPackageReference "SDWebImageSwiftUI" */ = {
			isa = XCRemoteSwiftPackageReference;
			repositoryURL = "https://github.com/SDWebImage/SDWebImageSwiftUI.git";
			requirement = {
				kind = upToNextMajorVersion;
				minimumVersion = 1.5.0;
			};
		};
/* End XCRemoteSwiftPackageReference section */

/* Begin XCSwiftPackageProductDependency section */
		6471AA5325BE245700124956 /* SDWebImageSwiftUI */ = {
			isa = XCSwiftPackageProductDependency;
			package = 6471AA5225BE245700124956 /* XCRemoteSwiftPackageReference "SDWebImageSwiftUI" */;
			productName = SDWebImageSwiftUI;
		};
/* End XCSwiftPackageProductDependency section */
	};
	rootObject = 641E099F25BDDE2700EAB990 /* Project object */;
}
